
Microsoft Visual Studio Solution File, Format Version 12.00
# Visual Studio Version 17
VisualStudioVersion = 17.7.34003.232
MinimumVisualStudioVersion = 10.0.40219.1
Project("{FAE04EC0-301F-11D3-BF4B-00C04F79EFBC}") = "Escuela", "Escuela\Escuela.csproj", "{AF1AAFD4-1A17-44C3-897E-5DC82526C011}"
EndProject
Global
	GlobalSection(SolutionConfigurationPlatforms) = preSolution
		Debug|Any CPU = Debug|Any CPU
		Release|Any CPU = Release|Any CPU
	EndGlobalSection
	GlobalSection(ProjectConfigurationPlatforms) = postSolution
		{AF1AAFD4-1A17-44C3-897E-5DC82526C011}.Debug|Any CPU.ActiveCfg = Debug|Any CPU
		{AF1AAFD4-1A17-44C3-897E-5DC82526C011}.Debug|Any CPU.Build.0 = Debug|Any CPU
		{AF1AAFD4-1A17-44C3-897E-5DC82526C011}.Release|Any CPU.ActiveCfg = Release|Any CPU
		{AF1AAFD4-1A17-44C3-897E-5DC82526C011}.Release|Any CPU.Build.0 = Release|Any CPU
	EndGlobalSection
	GlobalSection(SolutionProperties) = preSolution
		HideSolutionNode = FALSE
	EndGlobalSection
	GlobalSection(ExtensibilityGlobals) = postSolution
		SolutionGuid = {DC769DC1-241A-4AC8-B55E-0B1F270779EB}
	EndGlobalSection
EndGlobal
